{
    "_meta": {
        "hash": {
            "sha256": "930ef082b00eb68abf53f8a8c4fbe7b2634c9c0d4fdad3a5eeb93bf331ab4e25"
        },
        "pipfile-spec": 6,
        "requires": {
            "python_version": "3.6"
        },
        "sources": [
            {
                "name": "pypi",
                "url": "https://pypi.org/simple",
                "verify_ssl": true
            }
        ]
    },
    "default": {
        "unittest-xml-reporting": {
            "hashes": [
                "sha256:74eaf7739a7957a74f52b8187c5616f61157372189bef0a32ba5c30bbc00e58a",
                "sha256:e09b8ae70cce9904cdd331f53bf929150962869a5324ab7ff3dd6c8b87e01f7d"
            ],
            "index": "pypi",
            "version": "==3.0.2"
        },
        "xmlrunner": {
            "hashes": [
                "sha256:5a6113d049eca7646111ee657266966e5bbfb0b5ceb2e83ee0772e16d7110f39"
            ],
            "index": "pypi",
            "version": "==1.7.7"
        }
    },
    "develop": {}
}
