{
    "_meta": {
        "hash": {
            "sha256": "9544f601dbc37a4bc070b5bf668aa0c0739fa2eb7200089044ae4c729d5fa03d"
        },
        "pipfile-spec": 6,
        "requires": {
            "python_version": "3"
        },
        "sources": [
            {
                "name": "pypi",
                "url": "https://pypi.org/simple",
                "verify_ssl": true
            }
        ]
    },
    "default": {
        "decorator": {
            "hashes": [
                "sha256:41fa54c2a0cc4ba648be4fd43cff00aedf5b9465c9bf18d64325bc225f08f760",
                "sha256:e3a62f0520172440ca0dcc823749319382e377f37f140a0b99ef45fecb84bfe7"
            ],
            "version": "==4.4.2"
        },
        "jsonpath-ng": {
            "hashes": [
                "sha256:77b1f93f4444a50c924cb11cdc273546ff79f41830d485916fc6ddf4e0c1ce55",
                "sha256:a4f014c28b5a1279c3a189fb1d2f37a98848f359f19fd296b54e38ec6fc841a9"
            ],
            "index": "pypi",
            "version": "==1.5.1"
        },
        "ply": {
            "hashes": [
                "sha256:00c7c1aaa88358b9c765b6d3000c6eec0ba42abca5351b095321aef446081da3",
                "sha256:096f9b8350b65ebd2fd1346b12452efe5b9607f7482813ffca50c22722a807ce"
            ],
            "version": "==3.11"
        },
        "six": {
            "hashes": [
                "sha256:30639c035cdb23534cd4aa2dd52c3bf48f06e5f4a941509c8bafd8ce11080259",
                "sha256:8b74bedcbbbaca38ff6d7491d76f2b06b3592611af620f8426e82dddb04a5ced"
            ],
            "version": "==1.15.0"
        },
        "unittest-xml-reporting": {
            "hashes": [
                "sha256:74eaf7739a7957a74f52b8187c5616f61157372189bef0a32ba5c30bbc00e58a",
                "sha256:e09b8ae70cce9904cdd331f53bf929150962869a5324ab7ff3dd6c8b87e01f7d"
            ],
            "index": "pypi",
            "version": "==3.0.2"
        },
        "xmlrunner": {
            "hashes": [
                "sha256:5a6113d049eca7646111ee657266966e5bbfb0b5ceb2e83ee0772e16d7110f39"
            ],
            "index": "pypi",
            "version": "==1.7.7"
        },
        "xmltodict": {
            "hashes": [
                "sha256:50d8c638ed7ecb88d90561beedbf720c9b4e851a9fa6c47ebd64e99d166d8a21",
                "sha256:8bbcb45cc982f48b2ca8fe7e7827c5d792f217ecf1792626f808bf41c3b86051"
            ],
            "index": "pypi",
            "version": "==0.12.0"
        }
    },
    "develop": {}
}
